
Microsoft Visual Studio Solution File, Format Version 12.00
Project("{FAE04EC0-301F-11D3-BF4B-00C04F79EFBC}") = "BookStore.Domain", "BookStore.Domain\BookStore.Domain.csproj", "{DCC82967-F682-4D29-8098-D4188DDBF42D}"
EndProject
Project("{FAE04EC0-301F-11D3-BF4B-00C04F79EFBC}") = "BookStore.Domain.Tests", "BookStore.Domain.Tests\BookStore.Domain.Tests.csproj", "{ECFB09C7-80F2-4D1F-A32E-AD1C22977323}"
EndProject
Project("{FAE04EC0-301F-11D3-BF4B-00C04F79EFBC}") = "BookStore.Application", "BookStore.Application\BookStore.Application.csproj", "{091127E4-5C32-4011-AE2A-AF131C2D349F}"
EndProject
Project("{FAE04EC0-301F-11D3-BF4B-00C04F79EFBC}") = "BookStore.Application.Tests", "BookStore.Application.Tests\BookStore.Application.Tests.csproj", "{3174AAB5-2993-4B0D-974C-B69C7C70A8F9}"
EndProject
Global
	GlobalSection(SolutionConfigurationPlatforms) = preSolution
		Debug|Any CPU = Debug|Any CPU
		Release|Any CPU = Release|Any CPU
	EndGlobalSection
	GlobalSection(ProjectConfigurationPlatforms) = postSolution
		{DCC82967-F682-4D29-8098-D4188DDBF42D}.Debug|Any CPU.ActiveCfg = Debug|Any CPU
		{DCC82967-F682-4D29-8098-D4188DDBF42D}.Debug|Any CPU.Build.0 = Debug|Any CPU
		{DCC82967-F682-4D29-8098-D4188DDBF42D}.Release|Any CPU.ActiveCfg = Release|Any CPU
		{DCC82967-F682-4D29-8098-D4188DDBF42D}.Release|Any CPU.Build.0 = Release|Any CPU
		{ECFB09C7-80F2-4D1F-A32E-AD1C22977323}.Debug|Any CPU.ActiveCfg = Debug|Any CPU
		{ECFB09C7-80F2-4D1F-A32E-AD1C22977323}.Debug|Any CPU.Build.0 = Debug|Any CPU
		{ECFB09C7-80F2-4D1F-A32E-AD1C22977323}.Release|Any CPU.ActiveCfg = Release|Any CPU
		{ECFB09C7-80F2-4D1F-A32E-AD1C22977323}.Release|Any CPU.Build.0 = Release|Any CPU
		{091127E4-5C32-4011-AE2A-AF131C2D349F}.Debug|Any CPU.ActiveCfg = Debug|Any CPU
		{091127E4-5C32-4011-AE2A-AF131C2D349F}.Debug|Any CPU.Build.0 = Debug|Any CPU
		{091127E4-5C32-4011-AE2A-AF131C2D349F}.Release|Any CPU.ActiveCfg = Release|Any CPU
		{091127E4-5C32-4011-AE2A-AF131C2D349F}.Release|Any CPU.Build.0 = Release|Any CPU
		{3174AAB5-2993-4B0D-974C-B69C7C70A8F9}.Debug|Any CPU.ActiveCfg = Debug|Any CPU
		{3174AAB5-2993-4B0D-974C-B69C7C70A8F9}.Debug|Any CPU.Build.0 = Debug|Any CPU
		{3174AAB5-2993-4B0D-974C-B69C7C70A8F9}.Release|Any CPU.ActiveCfg = Release|Any CPU
		{3174AAB5-2993-4B0D-974C-B69C7C70A8F9}.Release|Any CPU.Build.0 = Release|Any CPU
	EndGlobalSection
EndGlobal
